PODS:
  - Firebase/Auth (12.13.0):
    - Firebase/CoreOnly
    - FirebaseAuth (~> 12.13.0)
  - Firebase/CoreOnly (12.13.0):
    - FirebaseCore (~> 12.13.0)
  - Firebase/Crashlytics (12.13.0):
    - Firebase/CoreOnly
    - FirebaseCrashlytics (~> 12.13.0)
  - firebase_analytics (12.4.1):
    - firebase_core
    - FirebaseAnalytics (= 12.13.0)
    - Flutter
  - firebase_auth (6.5.1):
    - Firebase/Auth (= 12.13.0)
    - firebase_core
    - Flutter
  - firebase_core (4.9.0):
    - Firebase/CoreOnly (= 12.13.0)
    - Flutter
  - firebase_crashlytics (5.2.2):
    - Firebase/Crashlytics (= 12.13.0)
    - firebase_core
    - Flutter
  - FirebaseAnalytics (12.13.0):
    - FirebaseAnalytics/Default (= 12.13.0)
    - FirebaseCore (~> 12.13.0)
    - FirebaseInstallations (~> 12.13.0)
    - GoogleUtilities/AppDelegateSwizzler (~> 8.1)
    - GoogleUtilities/MethodSwizzler (~> 8.1)
    - GoogleUtilities/Network (~> 8.1)
    - "GoogleUtilities/NSData+zlib (~> 8.1)"
    - nanopb (~> 3.30910.0)
  - FirebaseAnalytics/Default (12.13.0):
    - FirebaseCore (~> 12.13.0)
    - FirebaseInstallations (~> 12.13.0)
    - GoogleAppMeasurement/Default (= 12.13.0)
    - GoogleUtilities/AppDelegateSwizzler (~> 8.1)
    - GoogleUtilities/MethodSwizzler (~> 8.1)
    - GoogleUtilities/Network (~> 8.1)
    - "GoogleUtilities/NSData+zlib (~> 8.1)"
    - nanopb (~> 3.30910.0)
  - FirebaseAppCheckInterop (12.13.0)
  - FirebaseAuth (12.13.0):
    - FirebaseAppCheckInterop (~> 12.13.0)
    - FirebaseAuthInterop (~> 12.13.0)
    - FirebaseCore (~> 12.13.0)
    - FirebaseCoreExtension (~> 12.13.0)
    - GoogleUtilities/AppDelegateSwizzler (~> 8.1)
    - GoogleUtilities/Environment (~> 8.1)
    - GTMSessionFetcher/Core (< 6.0, >= 3.4)
    - RecaptchaInterop (~> 101.0)
  - FirebaseAuthInterop (12.13.0)
  - FirebaseCore (12.13.0):
    - FirebaseCoreInternal (~> 12.13.0)
    - GoogleUtilities/Environment (~> 8.1)
    - GoogleUtilities/Logger (~> 8.1)
  - FirebaseCoreExtension (12.13.0):
    - FirebaseCore (~> 12.13.0)
  - FirebaseCoreInternal (12.13.0):
    - "GoogleUtilities/NSData+zlib (~> 8.1)"
  - FirebaseCrashlytics (12.13.0):
    - FirebaseCore (~> 12.13.0)
    - FirebaseInstallations (~> 12.13.0)
    - FirebaseRemoteConfigInterop (~> 12.13.0)
    - FirebaseSessions (~> 12.13.0)
    - GoogleDataTransport (~> 10.1)
    - GoogleUtilities/Environment (~> 8.1)
    - nanopb (~> 3.30910.0)
    - PromisesObjC (~> 2.4)
  - FirebaseInstallations (12.13.0):
    - FirebaseCore (~> 12.13.0)
    - GoogleUtilities/Environment (~> 8.1)
    - GoogleUtilities/UserDefaults (~> 8.1)
    - PromisesObjC (~> 2.4)
  - FirebaseRemoteConfigInterop (12.13.0)
  - FirebaseSessions (12.13.0):
    - FirebaseCore (~> 12.13.0)
    - FirebaseCoreExtension (~> 12.13.0)
    - FirebaseInstallations (~> 12.13.0)
    - GoogleDataTransport (~> 10.1)
    - GoogleUtilities/Environment (~> 8.1)
    - GoogleUtilities/UserDefaults (~> 8.1)
    - nanopb (~> 3.30910.0)
    - PromisesSwift (~> 2.1)
  - Flutter (1.0.0)
  - flutter_secure_storage_darwin (10.0.0):
    - Flutter
    - FlutterMacOS
  - geolocator_apple (1.2.0):
    - Flutter
    - FlutterMacOS
  - GoogleAdsOnDeviceConversion (3.5.0):
    - GoogleUtilities/Environment (~> 8.1)
    - GoogleUtilities/Logger (~> 8.1)
    - GoogleUtilities/Network (~> 8.1)
    - nanopb (~> 3.30910.0)
  - GoogleAppMeasurement/Core (12.13.0):
    - GoogleUtilities/AppDelegateSwizzler (~> 8.1)
    - GoogleUtilities/MethodSwizzler (~> 8.1)
    - GoogleUtilities/Network (~> 8.1)
    - "GoogleUtilities/NSData+zlib (~> 8.1)"
    - nanopb (~> 3.30910.0)
  - GoogleAppMeasurement/Default (12.13.0):
    - GoogleAdsOnDeviceConversion (~> 3.5.0)
    - GoogleAppMeasurement/Core (= 12.13.0)
    - GoogleAppMeasurement/IdentitySupport (= 12.13.0)
    - GoogleUtilities/AppDelegateSwizzler (~> 8.1)
    - GoogleUtilities/MethodSwizzler (~> 8.1)
    - GoogleUtilities/Network (~> 8.1)
    - "GoogleUtilities/NSData+zlib (~> 8.1)"
    - nanopb (~> 3.30910.0)
  - GoogleAppMeasurement/IdentitySupport (12.13.0):
    - GoogleAppMeasurement/Core (= 12.13.0)
    - GoogleUtilities/AppDelegateSwizzler (~> 8.1)
    - GoogleUtilities/MethodSwizzler (~> 8.1)
    - GoogleUtilities/Network (~> 8.1)
    - "GoogleUtilities/NSData+zlib (~> 8.1)"
    - nanopb (~> 3.30910.0)
  - GoogleDataTransport (10.1.0):
    - nanopb (~> 3.30910.0)
    - PromisesObjC (~> 2.4)
  - GoogleUtilities/AppDelegateSwizzler (8.1.0):
    - GoogleUtilities/Environment
    - GoogleUtilities/Logger
    - GoogleUtilities/Network
    - GoogleUtilities/Privacy
  - GoogleUtilities/Environment (8.1.0):
    - GoogleUtilities/Privacy
  - GoogleUtilities/Logger (8.1.0):
    - GoogleUtilities/Environment
    - GoogleUtilities/Privacy
  - GoogleUtilities/MethodSwizzler (8.1.0):
    - GoogleUtilities/Logger
    - GoogleUtilities/Privacy
  - GoogleUtilities/Network (8.1.0):
    - GoogleUtilities/Logger
    - "GoogleUtilities/NSData+zlib"
    - GoogleUtilities/Privacy
    - GoogleUtilities/Reachability
  - "GoogleUtilities/NSData+zlib (8.1.0)":
    - GoogleUtilities/Privacy
  - GoogleUtilities/Privacy (8.1.0)
  - GoogleUtilities/Reachability (8.1.0):
    - GoogleUtilities/Logger
    - GoogleUtilities/Privacy
  - GoogleUtilities/UserDefaults (8.1.0):
    - GoogleUtilities/Logger
    - GoogleUtilities/Privacy
  - GTMSessionFetcher/Core (5.3.0)
  - integration_test (0.0.1):
    - Flutter
  - nanopb (3.30910.0):
    - nanopb/decode (= 3.30910.0)
    - nanopb/encode (= 3.30910.0)
  - nanopb/decode (3.30910.0)
  - nanopb/encode (3.30910.0)
  - package_info_plus (0.4.5):
    - Flutter
  - PromisesObjC (2.4.0)
  - PromisesSwift (2.4.0):
    - PromisesObjC (= 2.4.0)
  - RecaptchaInterop (101.0.0)
  - shared_preferences_foundation (0.0.1):
    - Flutter
    - FlutterMacOS
  - system_proxy (0.0.1):
    - Flutter

DEPENDENCIES:
  - firebase_analytics (from `.symlinks/plugins/firebase_analytics/ios`)
  - firebase_auth (from `.symlinks/plugins/firebase_auth/ios`)
  - firebase_core (from `.symlinks/plugins/firebase_core/ios`)
  - firebase_crashlytics (from `.symlinks/plugins/firebase_crashlytics/ios`)
  - Flutter (from `Flutter`)
  - flutter_secure_storage_darwin (from `.symlinks/plugins/flutter_secure_storage_darwin/darwin`)
  - geolocator_apple (from `.symlinks/plugins/geolocator_apple/darwin`)
  - integration_test (from `.symlinks/plugins/integration_test/ios`)
  - package_info_plus (from `.symlinks/plugins/package_info_plus/ios`)
  - shared_preferences_foundation (from `.symlinks/plugins/shared_preferences_foundation/darwin`)
  - system_proxy (from `.symlinks/plugins/system_proxy/ios`)

SPEC REPOS:
  trunk:
    - Firebase
    - FirebaseAnalytics
    - FirebaseAppCheckInterop
    - FirebaseAuth
    - FirebaseAuthInterop
    - FirebaseCore
    - FirebaseCoreExtension
    - FirebaseCoreInternal
    - FirebaseCrashlytics
    - FirebaseInstallations
    - FirebaseRemoteConfigInterop
    - FirebaseSessions
    - GoogleAdsOnDeviceConversion
    - GoogleAppMeasurement
    - GoogleDataTransport
    - GoogleUtilities
    - GTMSessionFetcher
    - nanopb
    - PromisesObjC
    - PromisesSwift
    - RecaptchaInterop

EXTERNAL SOURCES:
  firebase_analytics:
    :path: ".symlinks/plugins/firebase_analytics/ios"
  firebase_auth:
    :path: ".symlinks/plugins/firebase_auth/ios"
  firebase_core:
    :path: ".symlinks/plugins/firebase_core/ios"
  firebase_crashlytics:
    :path: ".symlinks/plugins/firebase_crashlytics/ios"
  Flutter:
    :path: Flutter
  flutter_secure_storage_darwin:
    :path: ".symlinks/plugins/flutter_secure_storage_darwin/darwin"
  geolocator_apple:
    :path: ".symlinks/plugins/geolocator_apple/darwin"
  integration_test:
    :path: ".symlinks/plugins/integration_test/ios"
  package_info_plus:
    :path: ".symlinks/plugins/package_info_plus/ios"
  shared_preferences_foundation:
    :path: ".symlinks/plugins/shared_preferences_foundation/darwin"
  system_proxy:
    :path: ".symlinks/plugins/system_proxy/ios"

SPEC CHECKSUMS:
  Firebase: 7d62445aeabdaea36f7d372f33052fed9a72514f
  firebase_analytics: 51adf1f5ff2bf44ebe0ce62e75054c2d5d65a75b
  firebase_auth: bba295912fb4b0e71c91b2737d29403f4c2c3573
  firebase_core: 0013f886fbd0b4950865551eaab47784424bfdb5
  firebase_crashlytics: fae0a58bac6eaaef4cdacc72f9e55fef1e0be0a1
  FirebaseAnalytics: 853fa849aca9e418f163c2de5ed0a867efa4fddf
  FirebaseAppCheckInterop: db09d7412340fb4b5a8727d4d410e5a5c780dd56
  FirebaseAuth: fedecd40125af7f898ba4f0a328ac9f3a9c3b8c4
  FirebaseAuthInterop: 63d36ca102054d7336f87aec87b1c68a0bab77e0
  FirebaseCore: 58905958aa00a061397a0fd759ae4b55bddb3576
  FirebaseCoreExtension: 5b94169f1ee96ecc2dbde40bc53690e4d65eb652
  FirebaseCoreInternal: 37bee58388fc6d183f0ab1b32d69ae44f2cf8aad
  FirebaseCrashlytics: 8bb2d41cb47e8f3ea34200d99361499a59995e0d
  FirebaseInstallations: 134bde50e477628ded76070efdb12d515d53f948
  FirebaseRemoteConfigInterop: 4801ab93a543ef8fedfb40ae2f66d03e3fdcb864
  FirebaseSessions: 0e5f64cd99400275798fcb5e2b773dd000ca02c1
  Flutter: cabc95a1d2626b1b06e7179b784ebcf0c0cde467
  flutter_secure_storage_darwin: acdb3f316ed05a3e68f856e0353b133eec373a23
  geolocator_apple: ab36aa0e8b7d7a2d7639b3b4e48308394e8cef5e
  GoogleAdsOnDeviceConversion: 914d95386d0dd6815e8b1d70c465fe1d13312a1e
  GoogleAppMeasurement: 01e991b4c0c025dd66558dbc5133b5d70ccdf88e
  GoogleDataTransport: aae35b7ea0c09004c3797d53c8c41f66f219d6a7
  GoogleUtilities: 00c88b9a86066ef77f0da2fab05f65d7768ed8e1
  GTMSessionFetcher: 127211aeec0b1e904fc49f4f6f895dcc535b0ecf
  integration_test: 4a889634ef21a45d28d50d622cf412dc6d9f586e
  nanopb: fad817b59e0457d11a5dfbde799381cd727c1275
  package_info_plus: af8e2ca6888548050f16fa2f1938db7b5a5df499
  PromisesObjC: f5707f49cb48b9636751c5b2e7d227e43fba9f47
  PromisesSwift: 9d77319bbe72ebf6d872900551f7eeba9bce2851
  RecaptchaInterop: 11e0b637842dfb48308d242afc3f448062325aba
  shared_preferences_foundation: 7036424c3d8ec98dfe75ff1667cb0cd531ec82bb
  system_proxy: df8f85da9db052f93da22ceb2a8f87b3058c2eb3

PODFILE CHECKSUM: 9f77171d88624e20c4669aa75f7ad7ba13ed66f9

COCOAPODS: 1.16.2
